
Microsoft Visual Studio Solution File, Format Version 12.00
# Visual Studio Version 17
VisualStudioVersion = 17.3.32819.101
MinimumVisualStudioVersion = 10.0.40219.1
Project("{FAE04EC0-301F-11D3-BF4B-00C04F79EFBC}") = "Formula 1 Simulator", "Formula 1 Simulator\Formula 1 Simulator.csproj", "{DEBFFEC6-215F-4D7B-887F-392DC7D544C9}"
EndProject
Global
	GlobalSection(SolutionConfigurationPlatforms) = preSolution
		Debug|Any CPU = Debug|Any CPU
		Release|Any CPU = Release|Any CPU
	EndGlobalSection
	GlobalSection(ProjectConfigurationPlatforms) = postSolution
		{DEBFFEC6-215F-4D7B-887F-392DC7D544C9}.Debug|Any CPU.ActiveCfg = Debug|Any CPU
		{DEBFFEC6-215F-4D7B-887F-392DC7D544C9}.Debug|Any CPU.Build.0 = Debug|Any CPU
		{DEBFFEC6-215F-4D7B-887F-392DC7D544C9}.Release|Any CPU.ActiveCfg = Release|Any CPU
		{DEBFFEC6-215F-4D7B-887F-392DC7D544C9}.Release|Any CPU.Build.0 = Release|Any CPU
	EndGlobalSection
	GlobalSection(SolutionProperties) = preSolution
		HideSolutionNode = FALSE
	EndGlobalSection
	GlobalSection(ExtensibilityGlobals) = postSolution
		SolutionGuid = {D958E906-BB68-48F2-9FAE-58B2D686CE36}
	EndGlobalSection
EndGlobal
